// !$*UTF8*$!
{
	archiveVersion = 1;
	classes = {
	};
	objectVersion = 56;
	objects = {

/* Begin PBXBuildFile section */
		BD5533122A60710F008948D9 /* About_Me_AppApp.swift in Sources */ = {isa = PBXBuildFile; fileRef = BD5533112A60710F008948D9 /* About_Me_AppApp.swift */; };
		BD5533142A60710F008948D9 /* ContentView.swift in Sources */ = {isa = PBXBuildFile; fileRef = BD5533132A60710F008948D9 /* ContentView.swift */; };
		BD5533162A607110008948D9 /* Assets.xcassets in Resources */ = {isa = PBXBuildFile; fileRef = BD5533152A607110008948D9 /* Assets.xcassets */; };
		BD5533192A607110008948D9 /* Preview Assets.xcassets in Resources */ = {isa = PBXBuildFile; fileRef = BD5533182A607110008948D9 /* Preview Assets.xcassets */; };
		BD5533232A607110008948D9 /* About_Me_AppTests.swift in Sources */ = {isa = PBXBuildFile; fileRef = BD5533222A607110008948D9 /* About_Me_AppTests.swift */; };
		BD55332D2A607110008948D9 /* About_Me_AppUITests.swift in Sources */ = {isa = PBXBuildFile; fileRef = BD55332C2A607110008948D9 /* About_Me_AppUITests.swift */; };
		BD55332F2A607110008948D9 /* About_Me_AppUITestsLaunchTests.swift in Sources */ = {isa = PBXBuildFile; fileRef = BD55332E2A607110008948D9 /* About_Me_AppUITestsLaunchTests.swift */; };
/* End PBXBuildFile section */

/* Begin PBXContainerItemProxy section */
		BD55331F2A607110008948D9 /* PBXContainerItemProxy */ = {
			isa = PBXContainerItemProxy;
			containerPortal = BD5533062A60710F008948D9 /* Project object */;
			proxyType = 1;
			remoteGlobalIDString = BD55330D2A60710F008948D9;
			remoteInfo = "About Me App";
		};
		BD5533292A607110008948D9 /* PBXContainerItemProxy */ = {
			isa = PBXContainerItemProxy;
			containerPortal = BD5533062A60710F008948D9 /* Project object */;
			proxyType = 1;
			remoteGlobalIDString = BD55330D2A60710F008948D9;
			remoteInfo = "About Me App";
		};
/* End PBXContainerItemProxy section */

/* Begin PBXFileReference section */
		BD55330E2A60710F008948D9 /* About Me App.app */ = {isa = PBXFileReference; explicitFileType = wrapper.application; includeInIndex = 0; path = "About Me App.app"; sourceTree = BUILT_PRODUCTS_DIR; };
		BD5533112A60710F008948D9 /* About_Me_AppApp.swift */ = {isa = PBXFileReference; lastKnownFileType = sourcecode.swift; path = About_Me_AppApp.swift; sourceTree = "<group>"; };
		BD5533132A60710F008948D9 /* ContentView.swift */ = {isa = PBXFileReference; lastKnownFileType = sourcecode.swift; path = ContentView.swift; sourceTree = "<group>"; };
		BD5533152A607110008948D9 /* Assets.xcassets */ = {isa = PBXFileReference; lastKnownFileType = folder.assetcatalog; path = Assets.xcassets; sourceTree = "<group>"; };
		BD5533182A607110008948D9 /* Preview Assets.xcassets */ = {isa = PBXFileReference; lastKnownFileType = folder.assetcatalog; path = "Preview Assets.xcassets"; sourceTree = "<group>"; };
		BD55331E2A607110008948D9 /* About Me AppTests.xctest */ = {isa = PBXFileReference; explicitFileType = wrapper.cfbundle; includeInIndex = 0; path = "About Me AppTests.xctest"; sourceTree = BUILT_PRODUCTS_DIR; };
		BD5533222A607110008948D9 /* About_Me_AppTests.swift */ = {isa = PBXFileReference; lastKnownFileType = sourcecode.swift; path = About_Me_AppTests.swift; sourceTree = "<group>"; };
		BD5533282A607110008948D9 /* About Me AppUITests.xctest */ = {isa = PBXFileReference; explicitFileType = wrapper.cfbundle; includeInIndex = 0; path = "About Me AppUITests.xctest"; sourceTree = BUILT_PRODUCTS_DIR; };
		BD55332C2A607110008948D9 /* About_Me_AppUITests.swift */ = {isa = PBXFileReference; lastKnownFileType = sourcecode.swift; path = About_Me_AppUITests.swift; sourceTree = "<group>"; };
		BD55332E2A607110008948D9 /* About_Me_AppUITestsLaunchTests.swift */ = {isa = PBXFileReference; lastKnownFileType = sourcecode.swift; path = About_Me_AppUITestsLaunchTests.swift; sourceTree = "<group>"; };
/* End PBXFileReference section */

/* Begin PBXFrameworksBuildPhase section */
		BD55330B2A60710F008948D9 /* Frameworks */ = {
			isa = PBXFrameworksBuildPhase;
			buildActionMask = 2147483647;
			files = (
			);
			runOnlyForDeploymentPostprocessing = 0;
		};
		BD55331B2A607110008948D9 /* Frameworks */ = {
			isa = PBXFrameworksBuildPhase;
			buildActionMask = 2147483647;
			files = (
			);
			runOnlyForDeploymentPostprocessing = 0;
		};
		BD5533252A607110008948D9 /* Frameworks */ = {
			isa = PBXFrameworksBuildPhase;
			buildActionMask = 2147483647;
			files = (
			);
			runOnlyForDeploymentPostprocessing = 0;
		};
/* End PBXFrameworksBuildPhase section */

/* Begin PBXGroup section */
		BD5533052A60710F008948D9 = {
			isa = PBXGroup;
			children = (
				BD5533102A60710F008948D9 /* About Me App */,
				BD5533212A607110008948D9 /* About Me AppTests */,
				BD55332B2A607110008948D9 /* About Me AppUITests */,
				BD55330F2A60710F008948D9 /* Products */,
			);
			sourceTree = "<group>";
		};
		BD55330F2A60710F008948D9 /* Products */ = {
			isa = PBXGroup;
			children = (
				BD55330E2A60710F008948D9 /* About Me App.app */,
				BD55331E2A607110008948D9 /* About Me AppTests.xctest */,
				BD5533282A607110008948D9 /* About Me AppUITests.xctest */,
			);
			name = Products;
			sourceTree = "<group>";
		};
		BD5533102A60710F008948D9 /* About Me App */ = {
			isa = PBXGroup;
			children = (
				BD5533112A60710F008948D9 /* About_Me_AppApp.swift */,
				BD5533132A60710F008948D9 /* ContentView.swift */,
				BD5533152A607110008948D9 /* Assets.xcassets */,
				BD5533172A607110008948D9 /* Preview Content */,
			);
			path = "About Me App";
			sourceTree = "<group>";
		};
		BD5533172A607110008948D9 /* Preview Content */ = {
			isa = PBXGroup;
			children = (
				BD5533182A607110008948D9 /* Preview Assets.xcassets */,
			);
			path = "Preview Content";
			sourceTree = "<group>";
		};
		BD5533212A607110008948D9 /* About Me AppTests */ = {
			isa = PBXGroup;
			children = (
				BD5533222A607110008948D9 /* About_Me_AppTests.swift */,
			);
			path = "About Me AppTests";
			sourceTree = "<group>";
		};
		BD55332B2A607110008948D9 /* About Me AppUITests */ = {
			isa = PBXGroup;
			children = (
				BD55332C2A607110008948D9 /* About_Me_AppUITests.swift */,
				BD55332E2A607110008948D9 /* About_Me_AppUITestsLaunchTests.swift */,
			);
			path = "About Me AppUITests";
			sourceTree = "<group>";
		};
/* End PBXGroup section */

/* Begin PBXNativeTarget section */
		BD55330D2A60710F008948D9 /* About Me App */ = {
			isa = PBXNativeTarget;
			buildConfigurationList = BD5533322A607110008948D9 /* Build configuration list for PBXNativeTarget "About Me App" */;
			buildPhases = (
				BD55330A2A60710F008948D9 /* Sources */,
				BD55330B2A60710F008948D9 /* Frameworks */,
				BD55330C2A60710F008948D9 /* Resources */,
			);
			buildRules = (
			);
			dependencies = (
			);
			name = "About Me App";
			productName = "About Me App";
			productReference = BD55330E2A60710F008948D9 /* About Me App.app */;
			productType = "com.apple.product-type.application";
		};
		BD55331D2A607110008948D9 /* About Me AppTests */ = {
			isa = PBXNativeTarget;
			buildConfigurationList = BD5533352A607110008948D9 /* Build configuration list for PBXNativeTarget "About Me AppTests" */;
			buildPhases = (
				BD55331A2A607110008948D9 /* Sources */,
				BD55331B2A607110008948D9 /* Frameworks */,
				BD55331C2A607110008948D9 /* Resources */,
			);
			buildRules = (
			);
			dependencies = (
				BD5533202A607110008948D9 /* PBXTargetDependency */,
			);
			name = "About Me AppTests";
			productName = "About Me AppTests";
			productReference = BD55331E2A607110008948D9 /* About Me AppTests.xctest */;
			productType = "com.apple.product-type.bundle.unit-test";
		};
		BD5533272A607110008948D9 /* About Me AppUITests */ = {
			isa = PBXNativeTarget;
			buildConfigurationList = BD5533382A607110008948D9 /* Build configuration list for PBXNativeTarget "About Me AppUITests" */;
			buildPhases = (
				BD5533242A607110008948D9 /* Sources */,
				BD5533252A607110008948D9 /* Frameworks */,
				BD5533262A607110008948D9 /* Resources */,
			);
			buildRules = (
			);
			dependencies = (
				BD55332A2A607110008948D9 /* PBXTargetDependency */,
			);
			name = "About Me AppUITests";
			productName = "About Me AppUITests";
			productReference = BD5533282A607110008948D9 /* About Me AppUITests.xctest */;
			productType = "com.apple.product-type.bundle.ui-testing";
		};
/* End PBXNativeTarget section */

/* Begin PBXProject section */
		BD5533062A60710F008948D9 /* Project object */ = {
			isa = PBXProject;
			attributes = {
				BuildIndependentTargetsInParallel = 1;
				LastSwiftUpdateCheck = 1430;
				LastUpgradeCheck = 1430;
				TargetAttributes = {
					BD55330D2A60710F008948D9 = {
						CreatedOnToolsVersion = 14.3.1;
					};
					BD55331D2A607110008948D9 = {
						CreatedOnToolsVersion = 14.3.1;
						TestTargetID = BD55330D2A60710F008948D9;
					};
					BD5533272A607110008948D9 = {
						CreatedOnToolsVersion = 14.3.1;
						TestTargetID = BD55330D2A60710F008948D9;
					};
				};
			};
			buildConfigurationList = BD5533092A60710F008948D9 /* Build configuration list for PBXProject "About Me App" */;
			compatibilityVersion = "Xcode 14.0";
			developmentRegion = en;
			hasScannedForEncodings = 0;
			knownRegions = (
				en,
				Base,
			);
			mainGroup = BD5533052A60710F008948D9;
			productRefGroup = BD55330F2A60710F008948D9 /* Products */;
			projectDirPath = "";
			projectRoot = "";
			targets = (
				BD55330D2A60710F008948D9 /* About Me App */,
				BD55331D2A607110008948D9 /* About Me AppTests */,
				BD5533272A607110008948D9 /* About Me AppUITests */,
			);
		};
/* End PBXProject section */

/* Begin PBXResourcesBuildPhase section */
		BD55330C2A60710F008948D9 /* Resources */ = {
			isa = PBXResourcesBuildPhase;
			buildActionMask = 2147483647;
			files = (
				BD5533192A607110008948D9 /* Preview Assets.xcassets in Resources */,
				BD5533162A607110008948D9 /* Assets.xcassets in Resources */,
			);
			runOnlyForDeploymentPostprocessing = 0;
		};
		BD55331C2A607110008948D9 /* Resources */ = {
			isa = PBXResourcesBuildPhase;
			buildActionMask = 2147483647;
			files = (
			);
			runOnlyForDeploymentPostprocessing = 0;
		};
		BD5533262A607110008948D9 /* Resources */ = {
			isa = PBXResourcesBuildPhase;
			buildActionMask = 2147483647;
			files = (
			);
			runOnlyForDeploymentPostprocessing = 0;
		};
/* End PBXResourcesBuildPhase section */

/* Begin PBXSourcesBuildPhase section */
		BD55330A2A60710F008948D9 /* Sources */ = {
			isa = PBXSourcesBuildPhase;
			buildActionMask = 2147483647;
			files = (
				BD5533142A60710F008948D9 /* ContentView.swift in Sources */,
				BD5533122A60710F008948D9 /* About_Me_AppApp.swift in Sources */,
			);
			runOnlyForDeploymentPostprocessing = 0;
		};
		BD55331A2A607110008948D9 /* Sources */ = {
			isa = PBXSourcesBuildPhase;
			buildActionMask = 2147483647;
			files = (
				BD5533232A607110008948D9 /* About_Me_AppTests.swift in Sources */,
			);
			runOnlyForDeploymentPostprocessing = 0;
		};
		BD5533242A607110008948D9 /* Sources */ = {
			isa = PBXSourcesBuildPhase;
			buildActionMask = 2147483647;
			files = (
				BD55332F2A607110008948D9 /* About_Me_AppUITestsLaunchTests.swift in Sources */,
				BD55332D2A607110008948D9 /* About_Me_AppUITests.swift in Sources */,
			);
			runOnlyForDeploymentPostprocessing = 0;
		};
/* End PBXSourcesBuildPhase section */

/* Begin PBXTargetDependency section */
		BD5533202A607110008948D9 /* PBXTargetDependency */ = {
			isa = PBXTargetDependency;
			target = BD55330D2A60710F008948D9 /* About Me App */;
			targetProxy = BD55331F2A607110008948D9 /* PBXContainerItemProxy */;
		};
		BD55332A2A607110008948D9 /* PBXTargetDependency */ = {
			isa = PBXTargetDependency;
			target = BD55330D2A60710F008948D9 /* About Me App */;
			targetProxy = BD5533292A607110008948D9 /* PBXContainerItemProxy */;
		};
/* End PBXTargetDependency section */

/* Begin XCBuildConfiguration section */
		BD5533302A607110008948D9 /* Debug */ = {
			isa = XCBuildConfiguration;
			buildSettings = {
				ALWAYS_SEARCH_USER_PATHS = NO;
				CLANG_ANALYZER_NONNULL = YES;
				CLANG_ANALYZER_NUMBER_OBJECT_CONVERSION = YES_AGGRESSIVE;
				CLANG_CXX_LANGUAGE_STANDARD = "gnu++20";
				CLANG_ENABLE_MODULES = YES;
				CLANG_ENABLE_OBJC_ARC = YES;
				CLANG_ENABLE_OBJC_WEAK = YES;
				CLANG_WARN_BLOCK_CAPTURE_AUTORELEASING = YES;
				CLANG_WARN_BOOL_CONVERSION = YES;
				CLANG_WARN_COMMA = YES;
				CLANG_WARN_CONSTANT_CONVERSION = YES;
				CLANG_WARN_DEPRECATED_OBJC_IMPLEMENTATIONS = YES;
				CLANG_WARN_DIRECT_OBJC_ISA_USAGE = YES_ERROR;
				CLANG_WARN_DOCUMENTATION_COMMENTS = YES;
				CLANG_WARN_EMPTY_BODY = YES;
				CLANG_WARN_ENUM_CONVERSION = YES;
				CLANG_WARN_INFINITE_RECURSION = YES;
				CLANG_WARN_INT_CONVERSION = YES;
				CLANG_WARN_NON_LITERAL_NULL_CONVERSION = YES;
				CLANG_WARN_OBJC_IMPLICIT_RETAIN_SELF = YES;
				CLANG_WARN_OBJC_LITERAL_CONVERSION = YES;
				CLANG_WARN_OBJC_ROOT_CLASS = YES_ERROR;
				CLANG_WARN_QUOTED_INCLUDE_IN_FRAMEWORK_HEADER = YES;
				CLANG_WARN_RANGE_LOOP_ANALYSIS = YES;
				CLANG_WARN_STRICT_PROTOTYPES = YES;
				CLANG_WARN_SUSPICIOUS_MOVE = YES;
				CLANG_WARN_UNGUARDED_AVAILABILITY = YES_AGGRESSIVE;
				CLANG_WARN_UNREACHABLE_CODE = YES;
				CLANG_WARN__DUPLICATE_METHOD_MATCH = YES;
				COPY_PHASE_STRIP = NO;
				DEBUG_INFORMATION_FORMAT = dwarf;
				ENABLE_STRICT_OBJC_MSGSEND = YES;
				ENABLE_TESTABILITY = YES;
				GCC_C_LANGUAGE_STANDARD = gnu11;
				GCC_DYNAMIC_NO_PIC = NO;
				GCC_NO_COMMON_BLOCKS = YES;
				GCC_OPTIMIZATION_LEVEL = 0;
				GCC_PREPROCESSOR_DEFINITIONS = (
					"DEBUG=1",
					"$(inherited)",
				);
				GCC_WARN_64_TO_32_BIT_CONVERSION = YES;
				GCC_WARN_ABOUT_RETURN_TYPE = YES_ERROR;
				GCC_WARN_UNDECLARED_SELECTOR = YES;
				GCC_WARN_UNINITIALIZED_AUTOS = YES_AGGRESSIVE;
				GCC_WARN_UNUSED_FUNCTION = YES;
				GCC_WARN_UNUSED_VARIABLE = YES;
				IPHONEOS_DEPLOYMENT_TARGET = 16.4;
				MTL_ENABLE_DEBUG_INFO = INCLUDE_SOURCE;
				MTL_FAST_MATH = YES;
				ONLY_ACTIVE_ARCH = YES;
				SDKROOT = iphoneos;
				SWIFT_ACTIVE_COMPILATION_CONDITIONS = DEBUG;
				SWIFT_OPTIMIZATION_LEVEL = "-Onone";
			};
			name = Debug;
		};
		BD5533312A607110008948D9 /* Release */ = {
			isa = XCBuildConfiguration;
			buildSettings = {
				ALWAYS_SEARCH_USER_PATHS = NO;
				CLANG_ANALYZER_NONNULL = YES;
				CLANG_ANALYZER_NUMBER_OBJECT_CONVERSION = YES_AGGRESSIVE;
				CLANG_CXX_LANGUAGE_STANDARD = "gnu++20";
				CLANG_ENABLE_MODULES = YES;
				CLANG_ENABLE_OBJC_ARC = YES;
				CLANG_ENABLE_OBJC_WEAK = YES;
				CLANG_WARN_BLOCK_CAPTURE_AUTORELEASING = YES;
				CLANG_WARN_BOOL_CONVERSION = YES;
				CLANG_WARN_COMMA = YES;
				CLANG_WARN_CONSTANT_CONVERSION = YES;
				CLANG_WARN_DEPRECATED_OBJC_IMPLEMENTATIONS = YES;
				CLANG_WARN_DIRECT_OBJC_ISA_USAGE = YES_ERROR;
				CLANG_WARN_DOCUMENTATION_COMMENTS = YES;
				CLANG_WARN_EMPTY_BODY = YES;
				CLANG_WARN_ENUM_CONVERSION = YES;
				CLANG_WARN_INFINITE_RECURSION = YES;
				CLANG_WARN_INT_CONVERSION = YES;
				CLANG_WARN_NON_LITERAL_NULL_CONVERSION = YES;
				CLANG_WARN_OBJC_IMPLICIT_RETAIN_SELF = YES;
				CLANG_WARN_OBJC_LITERAL_CONVERSION = YES;
				CLANG_WARN_OBJC_ROOT_CLASS = YES_ERROR;
				CLANG_WARN_QUOTED_INCLUDE_IN_FRAMEWORK_HEADER = YES;
				CLANG_WARN_RANGE_LOOP_ANALYSIS = YES;
				CLANG_WARN_STRICT_PROTOTYPES = YES;
				CLANG_WARN_SUSPICIOUS_MOVE = YES;
				CLANG_WARN_UNGUARDED_AVAILABILITY = YES_AGGRESSIVE;
				CLANG_WARN_UNREACHABLE_CODE = YES;
				CLANG_WARN__DUPLICATE_METHOD_MATCH = YES;
				COPY_PHASE_STRIP = NO;
				DEBUG_INFORMATION_FORMAT = "dwarf-with-dsym";
				ENABLE_NS_ASSERTIONS = NO;
				ENABLE_STRICT_OBJC_MSGSEND = YES;
				GCC_C_LANGUAGE_STANDARD = gnu11;
				GCC_NO_COMMON_BLOCKS = YES;
				GCC_WARN_64_TO_32_BIT_CONVERSION = YES;
				GCC_WARN_ABOUT_RETURN_TYPE = YES_ERROR;
				GCC_WARN_UNDECLARED_SELECTOR = YES;
				GCC_WARN_UNINITIALIZED_AUTOS = YES_AGGRESSIVE;
				GCC_WARN_UNUSED_FUNCTION = YES;
				GCC_WARN_UNUSED_VARIABLE = YES;
				IPHONEOS_DEPLOYMENT_TARGET = 16.4;
				MTL_ENABLE_DEBUG_INFO = NO;
				MTL_FAST_MATH = YES;
				SDKROOT = iphoneos;
				SWIFT_COMPILATION_MODE = wholemodule;
				SWIFT_OPTIMIZATION_LEVEL = "-O";
				VALIDATE_PRODUCT = YES;
			};
			name = Release;
		};
		BD5533332A607110008948D9 /* Debug */ = {
			isa = XCBuildConfiguration;
			buildSettings = {
				ASSETCATALOG_COMPILER_APPICON_NAME = AppIcon;
				ASSETCATALOG_COMPILER_GLOBAL_ACCENT_COLOR_NAME = AccentColor;
				CODE_SIGN_STYLE = Automatic;
				CURRENT_PROJECT_VERSION = 1;
				DEVELOPMENT_ASSET_PATHS = "\"About Me App/Preview Content\"";
				ENABLE_PREVIEWS = YES;
				GENERATE_INFOPLIST_FILE = YES;
				INFOPLIST_KEY_UIApplicationSceneManifest_Generation = YES;
				INFOPLIST_KEY_UIApplicationSupportsIndirectInputEvents = YES;
				INFOPLIST_KEY_UILaunchScreen_Generation = YES;
				INFOPLIST_KEY_UISupportedInterfaceOrientations_iPad = "UIInterfaceOrientationPortrait UIInterfaceOrientationPortraitUpsideDown UIInterfaceOrientationLandscapeLeft UIInterfaceOrientationLandscapeRight";
				INFOPLIST_KEY_UISupportedInterfaceOrientations_iPhone = "UIInterfaceOrientationPortrait UIInterfaceOrientationLandscapeLeft UIInterfaceOrientationLandscapeRight";
				LD_RUNPATH_SEARCH_PATHS = (
					"$(inherited)",
					"@executable_path/Frameworks",
				);
				MARKETING_VERSION = 1.0;
				PRODUCT_BUNDLE_IDENTIFIER = "Kode-With-Klossy.About-Me-App";
				PRODUCT_NAME = "$(TARGET_NAME)";
				SWIFT_EMIT_LOC_STRINGS = YES;
				SWIFT_VERSION = 5.0;
				TARGETED_DEVICE_FAMILY = "1,2";
			};
			name = Debug;
		};
		BD5533342A607110008948D9 /* Release */ = {
			isa = XCBuildConfiguration;
			buildSettings = {
				ASSETCATALOG_COMPILER_APPICON_NAME = AppIcon;
				ASSETCATALOG_COMPILER_GLOBAL_ACCENT_COLOR_NAME = AccentColor;
				CODE_SIGN_STYLE = Automatic;
				CURRENT_PROJECT_VERSION = 1;
				DEVELOPMENT_ASSET_PATHS = "\"About Me App/Preview Content\"";
				ENABLE_PREVIEWS = YES;
				GENERATE_INFOPLIST_FILE = YES;
				INFOPLIST_KEY_UIApplicationSceneManifest_Generation = YES;
				INFOPLIST_KEY_UIApplicationSupportsIndirectInputEvents = YES;
				INFOPLIST_KEY_UILaunchScreen_Generation = YES;
				INFOPLIST_KEY_UISupportedInterfaceOrientations_iPad = "UIInterfaceOrientationPortrait UIInterfaceOrientationPortraitUpsideDown UIInterfaceOrientationLandscapeLeft UIInterfaceOrientationLandscapeRight";
				INFOPLIST_KEY_UISupportedInterfaceOrientations_iPhone = "UIInterfaceOrientationPortrait UIInterfaceOrientationLandscapeLeft UIInterfaceOrientationLandscapeRight";
				LD_RUNPATH_SEARCH_PATHS = (
					"$(inherited)",
					"@executable_path/Frameworks",
				);
				MARKETING_VERSION = 1.0;
				PRODUCT_BUNDLE_IDENTIFIER = "Kode-With-Klossy.About-Me-App";
				PRODUCT_NAME = "$(TARGET_NAME)";
				SWIFT_EMIT_LOC_STRINGS = YES;
				SWIFT_VERSION = 5.0;
				TARGETED_DEVICE_FAMILY = "1,2";
			};
			name = Release;
		};
		BD5533362A607110008948D9 /* Debug */ = {
			isa = XCBuildConfiguration;
			buildSettings = {
				ALWAYS_EMBED_SWIFT_STANDARD_LIBRARIES = YES;
				BUNDLE_LOADER = "$(TEST_HOST)";
				CODE_SIGN_STYLE = Automatic;
				CURRENT_PROJECT_VERSION = 1;
				GENERATE_INFOPLIST_FILE = YES;
				IPHONEOS_DEPLOYMENT_TARGET = 16.4;
				MARKETING_VERSION = 1.0;
				PRODUCT_BUNDLE_IDENTIFIER = "Kode-With-Klossy.About-Me-AppTests";
				PRODUCT_NAME = "$(TARGET_NAME)";
				SWIFT_EMIT_LOC_STRINGS = NO;
				SWIFT_VERSION = 5.0;
				TARGETED_DEVICE_FAMILY = "1,2";
				TEST_HOST = "$(BUILT_PRODUCTS_DIR)/About Me App.app/$(BUNDLE_EXECUTABLE_FOLDER_PATH)/About Me App";
			};
			name = Debug;
		};
		BD5533372A607110008948D9 /* Release */ = {
			isa = XCBuildConfiguration;
			buildSettings = {
				ALWAYS_EMBED_SWIFT_STANDARD_LIBRARIES = YES;
				BUNDLE_LOADER = "$(TEST_HOST)";
				CODE_SIGN_STYLE = Automatic;
				CURRENT_PROJECT_VERSION = 1;
				GENERATE_INFOPLIST_FILE = YES;
				IPHONEOS_DEPLOYMENT_TARGET = 16.4;
				MARKETING_VERSION = 1.0;
				PRODUCT_BUNDLE_IDENTIFIER = "Kode-With-Klossy.About-Me-AppTests";
				PRODUCT_NAME = "$(TARGET_NAME)";
				SWIFT_EMIT_LOC_STRINGS = NO;
				SWIFT_VERSION = 5.0;
				TARGETED_DEVICE_FAMILY = "1,2";
				TEST_HOST = "$(BUILT_PRODUCTS_DIR)/About Me App.app/$(BUNDLE_EXECUTABLE_FOLDER_PATH)/About Me App";
			};
			name = Release;
		};
		BD5533392A607110008948D9 /* Debug */ = {
			isa = XCBuildConfiguration;
			buildSettings = {
				ALWAYS_EMBED_SWIFT_STANDARD_LIBRARIES = YES;
				CODE_SIGN_STYLE = Automatic;
				CURRENT_PROJECT_VERSION = 1;
				GENERATE_INFOPLIST_FILE = YES;
				MARKETING_VERSION = 1.0;
				PRODUCT_BUNDLE_IDENTIFIER = "Kode-With-Klossy.About-Me-AppUITests";
				PRODUCT_NAME = "$(TARGET_NAME)";
				SWIFT_EMIT_LOC_STRINGS = NO;
				SWIFT_VERSION = 5.0;
				TARGETED_DEVICE_FAMILY = "1,2";
				TEST_TARGET_NAME = "About Me App";
			};
			name = Debug;
		};
		BD55333A2A607110008948D9 /* Release */ = {
			isa = XCBuildConfiguration;
			buildSettings = {
				ALWAYS_EMBED_SWIFT_STANDARD_LIBRARIES = YES;
				CODE_SIGN_STYLE = Automatic;
				CURRENT_PROJECT_VERSION = 1;
				GENERATE_INFOPLIST_FILE = YES;
				MARKETING_VERSION = 1.0;
				PRODUCT_BUNDLE_IDENTIFIER = "Kode-With-Klossy.About-Me-AppUITests";
				PRODUCT_NAME = "$(TARGET_NAME)";
				SWIFT_EMIT_LOC_STRINGS = NO;
				SWIFT_VERSION = 5.0;
				TARGETED_DEVICE_FAMILY = "1,2";
				TEST_TARGET_NAME = "About Me App";
			};
			name = Release;
		};
/* End XCBuildConfiguration section */

/* Begin XCConfigurationList section */
		BD5533092A60710F008948D9 /* Build configuration list for PBXProject "About Me App" */ = {
			isa = XCConfigurationList;
			buildConfigurations = (
				BD5533302A607110008948D9 /* Debug */,
				BD5533312A607110008948D9 /* Release */,
			);
			defaultConfigurationIsVisible = 0;
			defaultConfigurationName = Release;
		};
		BD5533322A607110008948D9 /* Build configuration list for PBXNativeTarget "About Me App" */ = {
			isa = XCConfigurationList;
			buildConfigurations = (
				BD5533332A607110008948D9 /* Debug */,
				BD5533342A607110008948D9 /* Release */,
			);
			defaultConfigurationIsVisible = 0;
			defaultConfigurationName = Release;
		};
		BD5533352A607110008948D9 /* Build configuration list for PBXNativeTarget "About Me AppTests" */ = {
			isa = XCConfigurationList;
			buildConfigurations = (
				BD5533362A607110008948D9 /* Debug */,
				BD5533372A607110008948D9 /* Release */,
			);
			defaultConfigurationIsVisible = 0;
			defaultConfigurationName = Release;
		};
		BD5533382A607110008948D9 /* Build configuration list for PBXNativeTarget "About Me AppUITests" */ = {
			isa = XCConfigurationList;
			buildConfigurations = (
				BD5533392A607110008948D9 /* Debug */,
				BD55333A2A607110008948D9 /* Release */,
			);
			defaultConfigurationIsVisible = 0;
			defaultConfigurationName = Release;
		};
/* End XCConfigurationList section */
	};
	rootObject = BD5533062A60710F008948D9 /* Project object */;
}
